
Microsoft Visual Studio Solution File, Format Version 12.00
# Visual Studio Version 17
VisualStudioVersion = 17.1.32210.238
MinimumVisualStudioVersion = 10.0.40219.1
Project("{9A19103F-16F7-4668-BE54-9A1E7A4F7556}") = "AssetManagementFramework", "AssetManagementFramework\AssetManagementFramework.csproj", "{94B5705D-5E56-4893-B7E2-B1DBC7954389}"
EndProject
Project("{FAE04EC0-301F-11D3-BF4B-00C04F79EFBC}") = "AssetManagementScript", "AssetManagementScript\AssetManagementScript.csproj", "{FD68DC70-4E0E-4198-BF79-D1882DCEA8E6}"
EndProject
Global
	GlobalSection(SolutionConfigurationPlatforms) = preSolution
		Debug|Any CPU = Debug|Any CPU
		Release|Any CPU = Release|Any CPU
	EndGlobalSection
	GlobalSection(ProjectConfigurationPlatforms) = postSolution
		{94B5705D-5E56-4893-B7E2-B1DBC7954389}.Debug|Any CPU.ActiveCfg = Debug|Any CPU
		{94B5705D-5E56-4893-B7E2-B1DBC7954389}.Debug|Any CPU.Build.0 = Debug|Any CPU
		{94B5705D-5E56-4893-B7E2-B1DBC7954389}.Release|Any CPU.ActiveCfg = Release|Any CPU
		{94B5705D-5E56-4893-B7E2-B1DBC7954389}.Release|Any CPU.Build.0 = Release|Any CPU
		{FD68DC70-4E0E-4198-BF79-D1882DCEA8E6}.Debug|Any CPU.ActiveCfg = Debug|Any CPU
		{FD68DC70-4E0E-4198-BF79-D1882DCEA8E6}.Debug|Any CPU.Build.0 = Debug|Any CPU
		{FD68DC70-4E0E-4198-BF79-D1882DCEA8E6}.Release|Any CPU.ActiveCfg = Release|Any CPU
		{FD68DC70-4E0E-4198-BF79-D1882DCEA8E6}.Release|Any CPU.Build.0 = Release|Any CPU
	EndGlobalSection
	GlobalSection(SolutionProperties) = preSolution
		HideSolutionNode = FALSE
	EndGlobalSection
	GlobalSection(ExtensibilityGlobals) = postSolution
		SolutionGuid = {175E52CF-9E5D-4809-83A9-9F135A1173FC}
	EndGlobalSection
EndGlobal
